
Microsoft Visual Studio Solution File, Format Version 12.00
Project("{FAE04EC0-301F-11D3-BF4B-00C04F79EFBC}") = "Euler", "Euler.csproj", "{2CC1983E-6A22-4E0F-A24C-A03ACBDE8D89}"
EndProject
Global
	GlobalSection(SolutionConfigurationPlatforms) = preSolution
		Debug|Any CPU = Debug|Any CPU
		Release|Any CPU = Release|Any CPU
	EndGlobalSection
	GlobalSection(ProjectConfigurationPlatforms) = postSolution
		{2CC1983E-6A22-4E0F-A24C-A03ACBDE8D89}.Debug|Any CPU.ActiveCfg = Debug|Any CPU
		{2CC1983E-6A22-4E0F-A24C-A03ACBDE8D89}.Debug|Any CPU.Build.0 = Debug|Any CPU
		{2CC1983E-6A22-4E0F-A24C-A03ACBDE8D89}.Release|Any CPU.ActiveCfg = Release|Any CPU
		{2CC1983E-6A22-4E0F-A24C-A03ACBDE8D89}.Release|Any CPU.Build.0 = Release|Any CPU
	EndGlobalSection
EndGlobal
