
Microsoft Visual Studio Solution File, Format Version 12.00
Project("{FAE04EC0-301F-11D3-BF4B-00C04F79EFBC}") = "c_sharp", "c_sharp.csproj", "{46046FEB-5180-4ECF-B464-E50AB79652BA}"
EndProject
Global
	GlobalSection(SolutionConfigurationPlatforms) = preSolution
		Debug|Any CPU = Debug|Any CPU
		Release|Any CPU = Release|Any CPU
	EndGlobalSection
	GlobalSection(ProjectConfigurationPlatforms) = postSolution
		{46046FEB-5180-4ECF-B464-E50AB79652BA}.Debug|Any CPU.ActiveCfg = Debug|Any CPU
		{46046FEB-5180-4ECF-B464-E50AB79652BA}.Debug|Any CPU.Build.0 = Debug|Any CPU
		{46046FEB-5180-4ECF-B464-E50AB79652BA}.Release|Any CPU.ActiveCfg = Release|Any CPU
		{46046FEB-5180-4ECF-B464-E50AB79652BA}.Release|Any CPU.Build.0 = Release|Any CPU
	EndGlobalSection
EndGlobal
